
Microsoft Visual Studio Solution File, Format Version 12.00
# Visual Studio Version 17
VisualStudioVersion = 17.3.32922.545
MinimumVisualStudioVersion = 10.0.40219.1
Project("{FAE04EC0-301F-11D3-BF4B-00C04F79EFBC}") = "PDMTPFINAL.Android", "PDMTPFINAL\PDMTPFINAL.Android\PDMTPFINAL.Android.csproj", "{BC51B837-07CF-42FC-AAA5-79BC02119BCA}"
EndProject
Project("{FAE04EC0-301F-11D3-BF4B-00C04F79EFBC}") = "PDMTPFINAL", "PDMTPFINAL\PDMTPFINAL\PDMTPFINAL.csproj", "{90D45ECD-2409-4A03-98C0-49CE2AD32D2E}"
EndProject
Global
	GlobalSection(SolutionConfigurationPlatforms) = preSolution
		Debug|Any CPU = Debug|Any CPU
		Release|Any CPU = Release|Any CPU
	EndGlobalSection
	GlobalSection(ProjectConfigurationPlatforms) = postSolution
		{BC51B837-07CF-42FC-AAA5-79BC02119BCA}.Debug|Any CPU.ActiveCfg = Debug|Any CPU
		{BC51B837-07CF-42FC-AAA5-79BC02119BCA}.Debug|Any CPU.Build.0 = Debug|Any CPU
		{BC51B837-07CF-42FC-AAA5-79BC02119BCA}.Debug|Any CPU.Deploy.0 = Debug|Any CPU
		{BC51B837-07CF-42FC-AAA5-79BC02119BCA}.Release|Any CPU.ActiveCfg = Release|Any CPU
		{BC51B837-07CF-42FC-AAA5-79BC02119BCA}.Release|Any CPU.Build.0 = Release|Any CPU
		{BC51B837-07CF-42FC-AAA5-79BC02119BCA}.Release|Any CPU.Deploy.0 = Release|Any CPU
		{90D45ECD-2409-4A03-98C0-49CE2AD32D2E}.Debug|Any CPU.ActiveCfg = Debug|Any CPU
		{90D45ECD-2409-4A03-98C0-49CE2AD32D2E}.Debug|Any CPU.Build.0 = Debug|Any CPU
		{90D45ECD-2409-4A03-98C0-49CE2AD32D2E}.Debug|Any CPU.Deploy.0 = Debug|Any CPU
		{90D45ECD-2409-4A03-98C0-49CE2AD32D2E}.Release|Any CPU.ActiveCfg = Release|Any CPU
		{90D45ECD-2409-4A03-98C0-49CE2AD32D2E}.Release|Any CPU.Build.0 = Release|Any CPU
		{90D45ECD-2409-4A03-98C0-49CE2AD32D2E}.Release|Any CPU.Deploy.0 = Release|Any CPU
	EndGlobalSection
	GlobalSection(SolutionProperties) = preSolution
		HideSolutionNode = FALSE
	EndGlobalSection
	GlobalSection(ExtensibilityGlobals) = postSolution
		SolutionGuid = {DE266868-38B9-43A5-8B5F-16942C7C1A74}
	EndGlobalSection
EndGlobal
